{
  "requires": true,
  "lockfileVersion": 1,
  "dependencies": {
    "@portinari/portinari-templates": {
      "version": "1.11.0",
      "resolved": "https://registry.npmjs.org/@portinari/portinari-templates/-/portinari-templates-1.11.0.tgz",
      "integrity": "sha512-ot8WZQxRAaqfX6VRDSasSQ/VTT1qTI8eXO18zJs0edRhLMSBOYJuNQrvXsd8ugVwugG+wjDv06oYCcjr04JjYw==",
      "requires": {
        "@portinari/portinari-ui": "1.11.0",
        "tslib": "^1.9.0"
      }
    },
    "@portinari/portinari-ui": {
      "version": "1.11.0",
      "resolved": "https://registry.npmjs.org/@portinari/portinari-ui/-/portinari-ui-1.11.0.tgz",
      "integrity": "sha512-EMgC2Bppd4HOg20o7JgWpfwtUBwj/FrSzhX5i6k4NbkvBjWiFdQgEBlrJLurssUuTip9ICUHxDh3Xjc5HqA52Q==",
      "requires": {
        "@portinari/style": "1.11.0",
        "tslib": "^1.9.0"
      }
    },
    "@portinari/style": {
      "version": "1.11.0",
      "resolved": "https://registry.npmjs.org/@portinari/style/-/style-1.11.0.tgz",
      "integrity": "sha512-c3o5rtBrgeoOeix3R9sftIOs9+zduY832Uqp+/y13wm7s8XTaX0jUG2Z2Fk2IhcV4fwfUDUG/puRv1cwCF0uxA=="
    },
    "tslib": {
      "version": "1.10.0",
      "resolved": "https://registry.npmjs.org/tslib/-/tslib-1.10.0.tgz",
      "integrity": "sha512-qOebF53frne81cf0S9B41ByenJ3/IuH8yJKngAX35CmiZySA0khhkovshKK+jGCaMnVomla7gVlIcc3EvKPbTQ=="
    }
  }
}
